
Microsoft Visual Studio Solution File, Format Version 12.00
# Visual Studio Version 16
VisualStudioVersion = 25.0.1705.0
MinimumVisualStudioVersion = 10.0.40219.1
Project("{FAE04EC0-301F-11D3-BF4B-00C04F79EFBC}") = "StrategyPattern", "StrategyPattern\StrategyPattern.csproj", "{E666C28D-AB1C-4D79-9715-3C1196B36333}"
EndProject
Project("{FAE04EC0-301F-11D3-BF4B-00C04F79EFBC}") = "ObserverPattern", "ObserverPattern\ObserverPattern.csproj", "{ECA97734-0A88-4FB9-9C12-6B31B1FB5538}"
EndProject
Project("{FAE04EC0-301F-11D3-BF4B-00C04F79EFBC}") = "DecoratorPattern", "DecoratorPattern\DecoratorPattern.csproj", "{347DD75F-9CA9-4FBE-B6BA-63966F4D0C2E}"
EndProject
Global
	GlobalSection(SolutionConfigurationPlatforms) = preSolution
		Debug|Any CPU = Debug|Any CPU
		Release|Any CPU = Release|Any CPU
	EndGlobalSection
	GlobalSection(ProjectConfigurationPlatforms) = postSolution
		{E666C28D-AB1C-4D79-9715-3C1196B36333}.Debug|Any CPU.ActiveCfg = Debug|Any CPU
		{E666C28D-AB1C-4D79-9715-3C1196B36333}.Debug|Any CPU.Build.0 = Debug|Any CPU
		{E666C28D-AB1C-4D79-9715-3C1196B36333}.Release|Any CPU.ActiveCfg = Release|Any CPU
		{E666C28D-AB1C-4D79-9715-3C1196B36333}.Release|Any CPU.Build.0 = Release|Any CPU
		{ECA97734-0A88-4FB9-9C12-6B31B1FB5538}.Debug|Any CPU.ActiveCfg = Debug|Any CPU
		{ECA97734-0A88-4FB9-9C12-6B31B1FB5538}.Debug|Any CPU.Build.0 = Debug|Any CPU
		{ECA97734-0A88-4FB9-9C12-6B31B1FB5538}.Release|Any CPU.ActiveCfg = Release|Any CPU
		{ECA97734-0A88-4FB9-9C12-6B31B1FB5538}.Release|Any CPU.Build.0 = Release|Any CPU
		{347DD75F-9CA9-4FBE-B6BA-63966F4D0C2E}.Debug|Any CPU.ActiveCfg = Debug|Any CPU
		{347DD75F-9CA9-4FBE-B6BA-63966F4D0C2E}.Debug|Any CPU.Build.0 = Debug|Any CPU
		{347DD75F-9CA9-4FBE-B6BA-63966F4D0C2E}.Release|Any CPU.ActiveCfg = Release|Any CPU
		{347DD75F-9CA9-4FBE-B6BA-63966F4D0C2E}.Release|Any CPU.Build.0 = Release|Any CPU
	EndGlobalSection
	GlobalSection(SolutionProperties) = preSolution
		HideSolutionNode = FALSE
	EndGlobalSection
	GlobalSection(ExtensibilityGlobals) = postSolution
		SolutionGuid = {834AC099-1550-4C48-92FC-676F62EA1036}
	EndGlobalSection
EndGlobal
